
Microsoft Visual Studio Solution File, Format Version 12.00
# Visual Studio Version 17
VisualStudioVersion = 17.2.32616.157
MinimumVisualStudioVersion = 10.0.40219.1
Project("{9A19103F-16F7-4668-BE54-9A1E7A4F7556}") = "CommandPrompt", "CommandPrompt\CommandPrompt.csproj", "{7183EA1C-7A05-4FB7-8976-7100774CA0B3}"
EndProject
Project("{9A19103F-16F7-4668-BE54-9A1E7A4F7556}") = "CommandPrompt.Test", "CommandPrompt.Test\CommandPrompt.Test.csproj", "{953A602B-C0BE-47A5-8F59-2B5856D04412}"
EndProject
Project("{9A19103F-16F7-4668-BE54-9A1E7A4F7556}") = "CommandPrompt.Benchmark", "CommandPrompt.Benchmark\CommandPrompt.Benchmark.csproj", "{488E99C8-9362-4CFC-9C10-BCF5133487BE}"
EndProject
Project("{FAE04EC0-301F-11D3-BF4B-00C04F79EFBC}") = "CommandPrompt.Example", "CommandPrompt.Example\CommandPrompt.Example.csproj", "{5C68B7F3-782F-4E43-98B7-6F69018FB792}"
EndProject
Global
	GlobalSection(SolutionConfigurationPlatforms) = preSolution
		Debug|Any CPU = Debug|Any CPU
		Release|Any CPU = Release|Any CPU
	EndGlobalSection
	GlobalSection(ProjectConfigurationPlatforms) = postSolution
		{7183EA1C-7A05-4FB7-8976-7100774CA0B3}.Debug|Any CPU.ActiveCfg = Debug|Any CPU
		{7183EA1C-7A05-4FB7-8976-7100774CA0B3}.Debug|Any CPU.Build.0 = Debug|Any CPU
		{7183EA1C-7A05-4FB7-8976-7100774CA0B3}.Release|Any CPU.ActiveCfg = Release|Any CPU
		{7183EA1C-7A05-4FB7-8976-7100774CA0B3}.Release|Any CPU.Build.0 = Release|Any CPU
		{953A602B-C0BE-47A5-8F59-2B5856D04412}.Debug|Any CPU.ActiveCfg = Debug|Any CPU
		{953A602B-C0BE-47A5-8F59-2B5856D04412}.Debug|Any CPU.Build.0 = Debug|Any CPU
		{953A602B-C0BE-47A5-8F59-2B5856D04412}.Release|Any CPU.ActiveCfg = Release|Any CPU
		{953A602B-C0BE-47A5-8F59-2B5856D04412}.Release|Any CPU.Build.0 = Release|Any CPU
		{488E99C8-9362-4CFC-9C10-BCF5133487BE}.Debug|Any CPU.ActiveCfg = Debug|Any CPU
		{488E99C8-9362-4CFC-9C10-BCF5133487BE}.Debug|Any CPU.Build.0 = Debug|Any CPU
		{488E99C8-9362-4CFC-9C10-BCF5133487BE}.Release|Any CPU.ActiveCfg = Release|Any CPU
		{488E99C8-9362-4CFC-9C10-BCF5133487BE}.Release|Any CPU.Build.0 = Release|Any CPU
		{5C68B7F3-782F-4E43-98B7-6F69018FB792}.Debug|Any CPU.ActiveCfg = Debug|Any CPU
		{5C68B7F3-782F-4E43-98B7-6F69018FB792}.Debug|Any CPU.Build.0 = Debug|Any CPU
		{5C68B7F3-782F-4E43-98B7-6F69018FB792}.Release|Any CPU.ActiveCfg = Release|Any CPU
		{5C68B7F3-782F-4E43-98B7-6F69018FB792}.Release|Any CPU.Build.0 = Release|Any CPU
	EndGlobalSection
	GlobalSection(SolutionProperties) = preSolution
		HideSolutionNode = FALSE
	EndGlobalSection
	GlobalSection(ExtensibilityGlobals) = postSolution
		SolutionGuid = {EE59E9EE-D78C-4590-87BD-EFF20B2B870B}
	EndGlobalSection
EndGlobal
